
Microsoft Visual Studio Solution File, Format Version 12.00
# Visual Studio 15
VisualStudioVersion = 15.0.28010.2048
MinimumVisualStudioVersion = 10.0.40219.1
Project("{FAE04EC0-301F-11D3-BF4B-00C04F79EFBC}") = "Eyedeas.PowerApps.Portals.WebApi", "Eyedeas.PowerApps.Portals.WebApi\Eyedeas.PowerApps.Portals.WebApi.csproj", "{1BAC55C1-B25F-4239-866E-A0D7591895B8}"
EndProject
Project("{FAE04EC0-301F-11D3-BF4B-00C04F79EFBC}") = "Eyedeas.PowerApps.Portals.WebApi.Tests", "Eyedeas.PowerApps.Portals.WebApi.Tests\Eyedeas.PowerApps.Portals.WebApi.Tests.csproj", "{38D998DD-EF05-445C-8EBF-3233F6335BE5}"
EndProject
Global
	GlobalSection(SolutionConfigurationPlatforms) = preSolution
		Debug|Any CPU = Debug|Any CPU
		Release|Any CPU = Release|Any CPU
	EndGlobalSection
	GlobalSection(ProjectConfigurationPlatforms) = postSolution
		{1BAC55C1-B25F-4239-866E-A0D7591895B8}.Debug|Any CPU.ActiveCfg = Debug|Any CPU
		{1BAC55C1-B25F-4239-866E-A0D7591895B8}.Debug|Any CPU.Build.0 = Debug|Any CPU
		{1BAC55C1-B25F-4239-866E-A0D7591895B8}.Release|Any CPU.ActiveCfg = Release|Any CPU
		{1BAC55C1-B25F-4239-866E-A0D7591895B8}.Release|Any CPU.Build.0 = Release|Any CPU
		{38D998DD-EF05-445C-8EBF-3233F6335BE5}.Debug|Any CPU.ActiveCfg = Debug|Any CPU
		{38D998DD-EF05-445C-8EBF-3233F6335BE5}.Debug|Any CPU.Build.0 = Debug|Any CPU
		{38D998DD-EF05-445C-8EBF-3233F6335BE5}.Release|Any CPU.ActiveCfg = Release|Any CPU
		{38D998DD-EF05-445C-8EBF-3233F6335BE5}.Release|Any CPU.Build.0 = Release|Any CPU
	EndGlobalSection
	GlobalSection(SolutionProperties) = preSolution
		HideSolutionNode = FALSE
	EndGlobalSection
	GlobalSection(ExtensibilityGlobals) = postSolution
		SolutionGuid = {4BF8F4E9-6CAF-4C0A-8B8E-2DD48F605D9B}
	EndGlobalSection
	GlobalSection(CRMSolutionProperties) = preSolution
		SolutionIsBoundToCRM = True
	EndGlobalSection
EndGlobal
